
Microsoft Visual Studio Solution File, Format Version 12.00
# Visual Studio 14
VisualStudioVersion = 14.0.25420.1
MinimumVisualStudioVersion = 10.0.40219.1
Project("{8BC9CEB8-8B4A-11D0-8D11-00A0C91BC942}") = "NoThreadsNoVectorization", "NoThreadsNoVectorization\NoThreadsNoVectorization.vcxproj", "{24380B60-9F49-447A-A4DE-11DBE42B0B5C}"
EndProject
Project("{8BC9CEB8-8B4A-11D0-8D11-00A0C91BC942}") = "NoThreadsYesVectorization", "NoThreadsYesVectorization\NoThreadsYesVectorization.vcxproj", "{70EA90C0-6D99-44BC-88E6-54B292BACF12}"
EndProject
Project("{8BC9CEB8-8B4A-11D0-8D11-00A0C91BC942}") = "YesThreadsNoVectorization", "YesThreadsNoVectorization\YesThreadsNoVectorization.vcxproj", "{DDEF7311-8A6A-414E-87CD-9327AF0550CE}"
EndProject
Project("{8BC9CEB8-8B4A-11D0-8D11-00A0C91BC942}") = "YesThreadsYesVectorization", "YesThreadsYesVectorization\YesThreadsYesVectorization.vcxproj", "{2F62AAEB-6364-416E-AC3D-EC811FABD5CE}"
EndProject
Global
	GlobalSection(SolutionConfigurationPlatforms) = preSolution
		Debug|x64 = Debug|x64
		Debug|x86 = Debug|x86
		Release|x64 = Release|x64
		Release|x86 = Release|x86
	EndGlobalSection
	GlobalSection(ProjectConfigurationPlatforms) = postSolution
		{24380B60-9F49-447A-A4DE-11DBE42B0B5C}.Debug|x64.ActiveCfg = Debug|x64
		{24380B60-9F49-447A-A4DE-11DBE42B0B5C}.Debug|x64.Build.0 = Debug|x64
		{24380B60-9F49-447A-A4DE-11DBE42B0B5C}.Debug|x86.ActiveCfg = Debug|Win32
		{24380B60-9F49-447A-A4DE-11DBE42B0B5C}.Debug|x86.Build.0 = Debug|Win32
		{24380B60-9F49-447A-A4DE-11DBE42B0B5C}.Release|x64.ActiveCfg = Release|x64
		{24380B60-9F49-447A-A4DE-11DBE42B0B5C}.Release|x64.Build.0 = Release|x64
		{24380B60-9F49-447A-A4DE-11DBE42B0B5C}.Release|x86.ActiveCfg = Release|Win32
		{24380B60-9F49-447A-A4DE-11DBE42B0B5C}.Release|x86.Build.0 = Release|Win32
		{70EA90C0-6D99-44BC-88E6-54B292BACF12}.Debug|x64.ActiveCfg = Debug|x64
		{70EA90C0-6D99-44BC-88E6-54B292BACF12}.Debug|x64.Build.0 = Debug|x64
		{70EA90C0-6D99-44BC-88E6-54B292BACF12}.Debug|x86.ActiveCfg = Debug|Win32
		{70EA90C0-6D99-44BC-88E6-54B292BACF12}.Debug|x86.Build.0 = Debug|Win32
		{70EA90C0-6D99-44BC-88E6-54B292BACF12}.Release|x64.ActiveCfg = Release|x64
		{70EA90C0-6D99-44BC-88E6-54B292BACF12}.Release|x64.Build.0 = Release|x64
		{70EA90C0-6D99-44BC-88E6-54B292BACF12}.Release|x86.ActiveCfg = Release|Win32
		{70EA90C0-6D99-44BC-88E6-54B292BACF12}.Release|x86.Build.0 = Release|Win32
		{DDEF7311-8A6A-414E-87CD-9327AF0550CE}.Debug|x64.ActiveCfg = Debug|x64
		{DDEF7311-8A6A-414E-87CD-9327AF0550CE}.Debug|x64.Build.0 = Debug|x64
		{DDEF7311-8A6A-414E-87CD-9327AF0550CE}.Debug|x86.ActiveCfg = Debug|Win32
		{DDEF7311-8A6A-414E-87CD-9327AF0550CE}.Debug|x86.Build.0 = Debug|Win32
		{DDEF7311-8A6A-414E-87CD-9327AF0550CE}.Release|x64.ActiveCfg = Release|x64
		{DDEF7311-8A6A-414E-87CD-9327AF0550CE}.Release|x64.Build.0 = Release|x64
		{DDEF7311-8A6A-414E-87CD-9327AF0550CE}.Release|x86.ActiveCfg = Release|Win32
		{DDEF7311-8A6A-414E-87CD-9327AF0550CE}.Release|x86.Build.0 = Release|Win32
		{2F62AAEB-6364-416E-AC3D-EC811FABD5CE}.Debug|x64.ActiveCfg = Debug|x64
		{2F62AAEB-6364-416E-AC3D-EC811FABD5CE}.Debug|x64.Build.0 = Debug|x64
		{2F62AAEB-6364-416E-AC3D-EC811FABD5CE}.Debug|x86.ActiveCfg = Debug|Win32
		{2F62AAEB-6364-416E-AC3D-EC811FABD5CE}.Debug|x86.Build.0 = Debug|Win32
		{2F62AAEB-6364-416E-AC3D-EC811FABD5CE}.Release|x64.ActiveCfg = Release|x64
		{2F62AAEB-6364-416E-AC3D-EC811FABD5CE}.Release|x64.Build.0 = Release|x64
		{2F62AAEB-6364-416E-AC3D-EC811FABD5CE}.Release|x86.ActiveCfg = Release|Win32
		{2F62AAEB-6364-416E-AC3D-EC811FABD5CE}.Release|x86.Build.0 = Release|Win32
	EndGlobalSection
	GlobalSection(SolutionProperties) = preSolution
		HideSolutionNode = FALSE
	EndGlobalSection
EndGlobal
